
Microsoft Visual Studio Solution File, Format Version 12.00
# Visual Studio 15
Project("{FAE04EC0-301F-11D3-BF4B-00C04F79EFBC}") = "UnityEngine.UI", "UnityEngine.UI.csproj", "{D50AFDF5-A434-6279-13D2-71AF49B53A86}"
EndProject
Project("{FAE04EC0-301F-11D3-BF4B-00C04F79EFBC}") = "UnityEngine.TestRunner", "UnityEngine.TestRunner.csproj", "{000CE9A6-02FA-5D10-A28C-DF9F244083A5}"
EndProject
Project("{FAE04EC0-301F-11D3-BF4B-00C04F79EFBC}") = "Unity.VisualScripting.Flow", "Unity.VisualScripting.Flow.csproj", "{F248D4C6-2EE1-3A54-2D85-B24699309753}"
EndProject
Project("{FAE04EC0-301F-11D3-BF4B-00C04F79EFBC}") = "Unity.VisualScripting.State", "Unity.VisualScripting.State.csproj", "{041BA32E-470E-FAB0-9182-FD60F45DB006}"
EndProject
Project("{FAE04EC0-301F-11D3-BF4B-00C04F79EFBC}") = "Unity.VisualScripting.Core", "Unity.VisualScripting.Core.csproj", "{98C4D7A8-B681-0548-E5AA-ACA383E42A40}"
EndProject
Project("{FAE04EC0-301F-11D3-BF4B-00C04F79EFBC}") = "Unity.TextMeshPro", "Unity.TextMeshPro.csproj", "{665DBEE3-057D-328E-53BD-BA6A4D65F5F3}"
EndProject
Project("{FAE04EC0-301F-11D3-BF4B-00C04F79EFBC}") = "Unity.Timeline", "Unity.Timeline.csproj", "{3D33964B-0112-6936-57EA-5B7E656BE88C}"
EndProject
Project("{FAE04EC0-301F-11D3-BF4B-00C04F79EFBC}") = "Assembly-CSharp", "Assembly-CSharp.csproj", "{89AE8F55-8A83-658E-976F-7C291C904B88}"
EndProject
Project("{FAE04EC0-301F-11D3-BF4B-00C04F79EFBC}") = "Unity.PlasticSCM.Editor", "Unity.PlasticSCM.Editor.csproj", "{5266F81C-ED73-3901-854A-64E7724EEF00}"
EndProject
Project("{FAE04EC0-301F-11D3-BF4B-00C04F79EFBC}") = "Unity.VisualScripting.Core.Editor", "Unity.VisualScripting.Core.Editor.csproj", "{2EB29009-50E7-820D-CBEB-A4F166EDC839}"
EndProject
Project("{FAE04EC0-301F-11D3-BF4B-00C04F79EFBC}") = "Unity.VisualScripting.Flow.Editor", "Unity.VisualScripting.Flow.Editor.csproj", "{44F478FC-E4BA-8B44-5043-0E2E41158964}"
EndProject
Project("{FAE04EC0-301F-11D3-BF4B-00C04F79EFBC}") = "Unity.VisualStudio.Editor", "Unity.VisualStudio.Editor.csproj", "{AED5E70A-0D48-3C4D-DFF5-3CBA41579CD9}"
EndProject
Project("{FAE04EC0-301F-11D3-BF4B-00C04F79EFBC}") = "Unity.Timeline.Editor", "Unity.Timeline.Editor.csproj", "{08E1E11A-D49C-B1AD-5BD0-8C825AB693F0}"
EndProject
Project("{FAE04EC0-301F-11D3-BF4B-00C04F79EFBC}") = "Unity.VisualScripting.State.Editor", "Unity.VisualScripting.State.Editor.csproj", "{178AD231-3F98-F487-6247-496DFE5C88B3}"
EndProject
Project("{FAE04EC0-301F-11D3-BF4B-00C04F79EFBC}") = "Unity.TextMeshPro.Editor", "Unity.TextMeshPro.Editor.csproj", "{6540CE0E-E750-4FF0-397D-D0D09C50C724}"
EndProject
Project("{FAE04EC0-301F-11D3-BF4B-00C04F79EFBC}") = "Unity.VisualScripting.SettingsProvider.Editor", "Unity.VisualScripting.SettingsProvider.Editor.csproj", "{2D750F7B-10F8-73CF-69A2-F894783B5C30}"
EndProject
Project("{FAE04EC0-301F-11D3-BF4B-00C04F79EFBC}") = "Unity.CollabProxy.Editor", "Unity.CollabProxy.Editor.csproj", "{971B1484-7F95-3A20-B247-792A325C2F85}"
EndProject
Project("{FAE04EC0-301F-11D3-BF4B-00C04F79EFBC}") = "UnityEditor.TestRunner", "UnityEditor.TestRunner.csproj", "{B20EEE30-0C78-FF44-895A-2992966EB237}"
EndProject
Project("{FAE04EC0-301F-11D3-BF4B-00C04F79EFBC}") = "Unity.TestTools.CodeCoverage.Editor", "Unity.TestTools.CodeCoverage.Editor.csproj", "{2C984D97-0CA7-8A74-EDCD-AC8B9AB5E847}"
EndProject
Project("{FAE04EC0-301F-11D3-BF4B-00C04F79EFBC}") = "Unity.Rider.Editor", "Unity.Rider.Editor.csproj", "{BC2122BC-CE0C-62E6-529E-208F68467DE4}"
EndProject
Project("{FAE04EC0-301F-11D3-BF4B-00C04F79EFBC}") = "Unity.Services.Core.Editor", "Unity.Services.Core.Editor.csproj", "{E3158B02-FC6D-812A-2F50-96514C043CAF}"
EndProject
Project("{FAE04EC0-301F-11D3-BF4B-00C04F79EFBC}") = "Unity.Performance.Profile-Analyzer.Editor", "Unity.Performance.Profile-Analyzer.Editor.csproj", "{0FA52946-B012-4208-6448-15121EBC06DA}"
EndProject
Project("{FAE04EC0-301F-11D3-BF4B-00C04F79EFBC}") = "Unity.VSCode.Editor", "Unity.VSCode.Editor.csproj", "{63475039-16F4-00E9-0F0A-A5A6C69D9410}"
EndProject
Project("{FAE04EC0-301F-11D3-BF4B-00C04F79EFBC}") = "UnityEditor.UI", "UnityEditor.UI.csproj", "{0A9B86CD-741A-41D9-CCCB-A10D28C1CCC5}"
EndProject
Project("{FAE04EC0-301F-11D3-BF4B-00C04F79EFBC}") = "Unity.TestTools.CodeCoverage.Editor.OpenCover.Model", "Unity.TestTools.CodeCoverage.Editor.OpenCover.Model.csproj", "{FF95C044-825E-7284-71AB-207A1FD7B633}"
EndProject
Project("{FAE04EC0-301F-11D3-BF4B-00C04F79EFBC}") = "Unity.EditorCoroutines.Editor", "Unity.EditorCoroutines.Editor.csproj", "{89685710-0160-27EA-3A4D-24DEFB54AC99}"
EndProject
Project("{FAE04EC0-301F-11D3-BF4B-00C04F79EFBC}") = "Unity.Settings.Editor", "Unity.Settings.Editor.csproj", "{DC816C42-E811-2327-68D3-9A451ADE25CD}"
EndProject
Project("{FAE04EC0-301F-11D3-BF4B-00C04F79EFBC}") = "Unity.TestTools.CodeCoverage.Editor.OpenCover.Mono.Reflection", "Unity.TestTools.CodeCoverage.Editor.OpenCover.Mono.Reflection.csproj", "{86C9EFA6-EBB1-F575-628A-0270B093B119}"
EndProject
Project("{FAE04EC0-301F-11D3-BF4B-00C04F79EFBC}") = "Unity.VisualScripting.Shared.Editor", "Unity.VisualScripting.Shared.Editor.csproj", "{416D0446-859A-C328-A313-0A9A39715499}"
EndProject
Global
	GlobalSection(SolutionConfigurationPlatforms) = preSolution
		Debug|Any CPU = Debug|Any CPU
		Release|Any CPU = Release|Any CPU
	EndGlobalSection
	GlobalSection(ProjectConfigurationPlatforms) = postSolution
		{D50AFDF5-A434-6279-13D2-71AF49B53A86}.Debug|Any CPU.ActiveCfg = Debug|Any CPU
		{D50AFDF5-A434-6279-13D2-71AF49B53A86}.Debug|Any CPU.Build.0 = Debug|Any CPU
		{D50AFDF5-A434-6279-13D2-71AF49B53A86}.Release|Any CPU.ActiveCfg = Release|Any CPU
		{D50AFDF5-A434-6279-13D2-71AF49B53A86}.Release|Any CPU.Build.0 = Release|Any CPU
		{000CE9A6-02FA-5D10-A28C-DF9F244083A5}.Debug|Any CPU.ActiveCfg = Debug|Any CPU
		{000CE9A6-02FA-5D10-A28C-DF9F244083A5}.Debug|Any CPU.Build.0 = Debug|Any CPU
		{000CE9A6-02FA-5D10-A28C-DF9F244083A5}.Release|Any CPU.ActiveCfg = Release|Any CPU
		{000CE9A6-02FA-5D10-A28C-DF9F244083A5}.Release|Any CPU.Build.0 = Release|Any CPU
		{F248D4C6-2EE1-3A54-2D85-B24699309753}.Debug|Any CPU.ActiveCfg = Debug|Any CPU
		{F248D4C6-2EE1-3A54-2D85-B24699309753}.Debug|Any CPU.Build.0 = Debug|Any CPU
		{F248D4C6-2EE1-3A54-2D85-B24699309753}.Release|Any CPU.ActiveCfg = Release|Any CPU
		{F248D4C6-2EE1-3A54-2D85-B24699309753}.Release|Any CPU.Build.0 = Release|Any CPU
		{041BA32E-470E-FAB0-9182-FD60F45DB006}.Debug|Any CPU.ActiveCfg = Debug|Any CPU
		{041BA32E-470E-FAB0-9182-FD60F45DB006}.Debug|Any CPU.Build.0 = Debug|Any CPU
		{041BA32E-470E-FAB0-9182-FD60F45DB006}.Release|Any CPU.ActiveCfg = Release|Any CPU
		{041BA32E-470E-FAB0-9182-FD60F45DB006}.Release|Any CPU.Build.0 = Release|Any CPU
		{98C4D7A8-B681-0548-E5AA-ACA383E42A40}.Debug|Any CPU.ActiveCfg = Debug|Any CPU
		{98C4D7A8-B681-0548-E5AA-ACA383E42A40}.Debug|Any CPU.Build.0 = Debug|Any CPU
		{98C4D7A8-B681-0548-E5AA-ACA383E42A40}.Release|Any CPU.ActiveCfg = Release|Any CPU
		{98C4D7A8-B681-0548-E5AA-ACA383E42A40}.Release|Any CPU.Build.0 = Release|Any CPU
		{665DBEE3-057D-328E-53BD-BA6A4D65F5F3}.Debug|Any CPU.ActiveCfg = Debug|Any CPU
		{665DBEE3-057D-328E-53BD-BA6A4D65F5F3}.Debug|Any CPU.Build.0 = Debug|Any CPU
		{665DBEE3-057D-328E-53BD-BA6A4D65F5F3}.Release|Any CPU.ActiveCfg = Release|Any CPU
		{665DBEE3-057D-328E-53BD-BA6A4D65F5F3}.Release|Any CPU.Build.0 = Release|Any CPU
		{3D33964B-0112-6936-57EA-5B7E656BE88C}.Debug|Any CPU.ActiveCfg = Debug|Any CPU
		{3D33964B-0112-6936-57EA-5B7E656BE88C}.Debug|Any CPU.Build.0 = Debug|Any CPU
		{3D33964B-0112-6936-57EA-5B7E656BE88C}.Release|Any CPU.ActiveCfg = Release|Any CPU
		{3D33964B-0112-6936-57EA-5B7E656BE88C}.Release|Any CPU.Build.0 = Release|Any CPU
		{89AE8F55-8A83-658E-976F-7C291C904B88}.Debug|Any CPU.ActiveCfg = Debug|Any CPU
		{89AE8F55-8A83-658E-976F-7C291C904B88}.Debug|Any CPU.Build.0 = Debug|Any CPU
		{89AE8F55-8A83-658E-976F-7C291C904B88}.Release|Any CPU.ActiveCfg = Release|Any CPU
		{89AE8F55-8A83-658E-976F-7C291C904B88}.Release|Any CPU.Build.0 = Release|Any CPU
		{5266F81C-ED73-3901-854A-64E7724EEF00}.Debug|Any CPU.ActiveCfg = Debug|Any CPU
		{5266F81C-ED73-3901-854A-64E7724EEF00}.Debug|Any CPU.Build.0 = Debug|Any CPU
		{5266F81C-ED73-3901-854A-64E7724EEF00}.Release|Any CPU.ActiveCfg = Release|Any CPU
		{5266F81C-ED73-3901-854A-64E7724EEF00}.Release|Any CPU.Build.0 = Release|Any CPU
		{2EB29009-50E7-820D-CBEB-A4F166EDC839}.Debug|Any CPU.ActiveCfg = Debug|Any CPU
		{2EB29009-50E7-820D-CBEB-A4F166EDC839}.Debug|Any CPU.Build.0 = Debug|Any CPU
		{2EB29009-50E7-820D-CBEB-A4F166EDC839}.Release|Any CPU.ActiveCfg = Release|Any CPU
		{2EB29009-50E7-820D-CBEB-A4F166EDC839}.Release|Any CPU.Build.0 = Release|Any CPU
		{44F478FC-E4BA-8B44-5043-0E2E41158964}.Debug|Any CPU.ActiveCfg = Debug|Any CPU
		{44F478FC-E4BA-8B44-5043-0E2E41158964}.Debug|Any CPU.Build.0 = Debug|Any CPU
		{44F478FC-E4BA-8B44-5043-0E2E41158964}.Release|Any CPU.ActiveCfg = Release|Any CPU
		{44F478FC-E4BA-8B44-5043-0E2E41158964}.Release|Any CPU.Build.0 = Release|Any CPU
		{AED5E70A-0D48-3C4D-DFF5-3CBA41579CD9}.Debug|Any CPU.ActiveCfg = Debug|Any CPU
		{AED5E70A-0D48-3C4D-DFF5-3CBA41579CD9}.Debug|Any CPU.Build.0 = Debug|Any CPU
		{AED5E70A-0D48-3C4D-DFF5-3CBA41579CD9}.Release|Any CPU.ActiveCfg = Release|Any CPU
		{AED5E70A-0D48-3C4D-DFF5-3CBA41579CD9}.Release|Any CPU.Build.0 = Release|Any CPU
		{08E1E11A-D49C-B1AD-5BD0-8C825AB693F0}.Debug|Any CPU.ActiveCfg = Debug|Any CPU
		{08E1E11A-D49C-B1AD-5BD0-8C825AB693F0}.Debug|Any CPU.Build.0 = Debug|Any CPU
		{08E1E11A-D49C-B1AD-5BD0-8C825AB693F0}.Release|Any CPU.ActiveCfg = Release|Any CPU
		{08E1E11A-D49C-B1AD-5BD0-8C825AB693F0}.Release|Any CPU.Build.0 = Release|Any CPU
		{178AD231-3F98-F487-6247-496DFE5C88B3}.Debug|Any CPU.ActiveCfg = Debug|Any CPU
		{178AD231-3F98-F487-6247-496DFE5C88B3}.Debug|Any CPU.Build.0 = Debug|Any CPU
		{178AD231-3F98-F487-6247-496DFE5C88B3}.Release|Any CPU.ActiveCfg = Release|Any CPU
		{178AD231-3F98-F487-6247-496DFE5C88B3}.Release|Any CPU.Build.0 = Release|Any CPU
		{6540CE0E-E750-4FF0-397D-D0D09C50C724}.Debug|Any CPU.ActiveCfg = Debug|Any CPU
		{6540CE0E-E750-4FF0-397D-D0D09C50C724}.Debug|Any CPU.Build.0 = Debug|Any CPU
		{6540CE0E-E750-4FF0-397D-D0D09C50C724}.Release|Any CPU.ActiveCfg = Release|Any CPU
		{6540CE0E-E750-4FF0-397D-D0D09C50C724}.Release|Any CPU.Build.0 = Release|Any CPU
		{2D750F7B-10F8-73CF-69A2-F894783B5C30}.Debug|Any CPU.ActiveCfg = Debug|Any CPU
		{2D750F7B-10F8-73CF-69A2-F894783B5C30}.Debug|Any CPU.Build.0 = Debug|Any CPU
		{2D750F7B-10F8-73CF-69A2-F894783B5C30}.Release|Any CPU.ActiveCfg = Release|Any CPU
		{2D750F7B-10F8-73CF-69A2-F894783B5C30}.Release|Any CPU.Build.0 = Release|Any CPU
		{971B1484-7F95-3A20-B247-792A325C2F85}.Debug|Any CPU.ActiveCfg = Debug|Any CPU
		{971B1484-7F95-3A20-B247-792A325C2F85}.Debug|Any CPU.Build.0 = Debug|Any CPU
		{971B1484-7F95-3A20-B247-792A325C2F85}.Release|Any CPU.ActiveCfg = Release|Any CPU
		{971B1484-7F95-3A20-B247-792A325C2F85}.Release|Any CPU.Build.0 = Release|Any CPU
		{B20EEE30-0C78-FF44-895A-2992966EB237}.Debug|Any CPU.ActiveCfg = Debug|Any CPU
		{B20EEE30-0C78-FF44-895A-2992966EB237}.Debug|Any CPU.Build.0 = Debug|Any CPU
		{B20EEE30-0C78-FF44-895A-2992966EB237}.Release|Any CPU.ActiveCfg = Release|Any CPU
		{B20EEE30-0C78-FF44-895A-2992966EB237}.Release|Any CPU.Build.0 = Release|Any CPU
		{2C984D97-0CA7-8A74-EDCD-AC8B9AB5E847}.Debug|Any CPU.ActiveCfg = Debug|Any CPU
		{2C984D97-0CA7-8A74-EDCD-AC8B9AB5E847}.Debug|Any CPU.Build.0 = Debug|Any CPU
		{2C984D97-0CA7-8A74-EDCD-AC8B9AB5E847}.Release|Any CPU.ActiveCfg = Release|Any CPU
		{2C984D97-0CA7-8A74-EDCD-AC8B9AB5E847}.Release|Any CPU.Build.0 = Release|Any CPU
		{BC2122BC-CE0C-62E6-529E-208F68467DE4}.Debug|Any CPU.ActiveCfg = Debug|Any CPU
		{BC2122BC-CE0C-62E6-529E-208F68467DE4}.Debug|Any CPU.Build.0 = Debug|Any CPU
		{BC2122BC-CE0C-62E6-529E-208F68467DE4}.Release|Any CPU.ActiveCfg = Release|Any CPU
		{BC2122BC-CE0C-62E6-529E-208F68467DE4}.Release|Any CPU.Build.0 = Release|Any CPU
		{E3158B02-FC6D-812A-2F50-96514C043CAF}.Debug|Any CPU.ActiveCfg = Debug|Any CPU
		{E3158B02-FC6D-812A-2F50-96514C043CAF}.Debug|Any CPU.Build.0 = Debug|Any CPU
		{E3158B02-FC6D-812A-2F50-96514C043CAF}.Release|Any CPU.ActiveCfg = Release|Any CPU
		{E3158B02-FC6D-812A-2F50-96514C043CAF}.Release|Any CPU.Build.0 = Release|Any CPU
		{0FA52946-B012-4208-6448-15121EBC06DA}.Debug|Any CPU.ActiveCfg = Debug|Any CPU
		{0FA52946-B012-4208-6448-15121EBC06DA}.Debug|Any CPU.Build.0 = Debug|Any CPU
		{0FA52946-B012-4208-6448-15121EBC06DA}.Release|Any CPU.ActiveCfg = Release|Any CPU
		{0FA52946-B012-4208-6448-15121EBC06DA}.Release|Any CPU.Build.0 = Release|Any CPU
		{63475039-16F4-00E9-0F0A-A5A6C69D9410}.Debug|Any CPU.ActiveCfg = Debug|Any CPU
		{63475039-16F4-00E9-0F0A-A5A6C69D9410}.Debug|Any CPU.Build.0 = Debug|Any CPU
		{63475039-16F4-00E9-0F0A-A5A6C69D9410}.Release|Any CPU.ActiveCfg = Release|Any CPU
		{63475039-16F4-00E9-0F0A-A5A6C69D9410}.Release|Any CPU.Build.0 = Release|Any CPU
		{0A9B86CD-741A-41D9-CCCB-A10D28C1CCC5}.Debug|Any CPU.ActiveCfg = Debug|Any CPU
		{0A9B86CD-741A-41D9-CCCB-A10D28C1CCC5}.Debug|Any CPU.Build.0 = Debug|Any CPU
		{0A9B86CD-741A-41D9-CCCB-A10D28C1CCC5}.Release|Any CPU.ActiveCfg = Release|Any CPU
		{0A9B86CD-741A-41D9-CCCB-A10D28C1CCC5}.Release|Any CPU.Build.0 = Release|Any CPU
		{FF95C044-825E-7284-71AB-207A1FD7B633}.Debug|Any CPU.ActiveCfg = Debug|Any CPU
		{FF95C044-825E-7284-71AB-207A1FD7B633}.Debug|Any CPU.Build.0 = Debug|Any CPU
		{FF95C044-825E-7284-71AB-207A1FD7B633}.Release|Any CPU.ActiveCfg = Release|Any CPU
		{FF95C044-825E-7284-71AB-207A1FD7B633}.Release|Any CPU.Build.0 = Release|Any CPU
		{89685710-0160-27EA-3A4D-24DEFB54AC99}.Debug|Any CPU.ActiveCfg = Debug|Any CPU
		{89685710-0160-27EA-3A4D-24DEFB54AC99}.Debug|Any CPU.Build.0 = Debug|Any CPU
		{89685710-0160-27EA-3A4D-24DEFB54AC99}.Release|Any CPU.ActiveCfg = Release|Any CPU
		{89685710-0160-27EA-3A4D-24DEFB54AC99}.Release|Any CPU.Build.0 = Release|Any CPU
		{DC816C42-E811-2327-68D3-9A451ADE25CD}.Debug|Any CPU.ActiveCfg = Debug|Any CPU
		{DC816C42-E811-2327-68D3-9A451ADE25CD}.Debug|Any CPU.Build.0 = Debug|Any CPU
		{DC816C42-E811-2327-68D3-9A451ADE25CD}.Release|Any CPU.ActiveCfg = Release|Any CPU
		{DC816C42-E811-2327-68D3-9A451ADE25CD}.Release|Any CPU.Build.0 = Release|Any CPU
		{86C9EFA6-EBB1-F575-628A-0270B093B119}.Debug|Any CPU.ActiveCfg = Debug|Any CPU
		{86C9EFA6-EBB1-F575-628A-0270B093B119}.Debug|Any CPU.Build.0 = Debug|Any CPU
		{86C9EFA6-EBB1-F575-628A-0270B093B119}.Release|Any CPU.ActiveCfg = Release|Any CPU
		{86C9EFA6-EBB1-F575-628A-0270B093B119}.Release|Any CPU.Build.0 = Release|Any CPU
		{416D0446-859A-C328-A313-0A9A39715499}.Debug|Any CPU.ActiveCfg = Debug|Any CPU
		{416D0446-859A-C328-A313-0A9A39715499}.Debug|Any CPU.Build.0 = Debug|Any CPU
		{416D0446-859A-C328-A313-0A9A39715499}.Release|Any CPU.ActiveCfg = Release|Any CPU
		{416D0446-859A-C328-A313-0A9A39715499}.Release|Any CPU.Build.0 = Release|Any CPU
	EndGlobalSection
	GlobalSection(SolutionProperties) = preSolution
		HideSolutionNode = FALSE
	EndGlobalSection
EndGlobal
